// !$*UTF8*$!
{
	archiveVersion = 1;
	classes = {
	};
	objectVersion = 45;
	objects = {

/* Begin PBXBuildFile section */
		860702371193942700FE23C0 /* cmdln_macro.h in Headers */ = {isa = PBXBuildFile; fileRef = 860701DC1193942700FE23C0 /* cmdln_macro.h */; };
		860702381193942700FE23C0 /* fsg_set.h in Headers */ = {isa = PBXBuildFile; fileRef = 860701DD1193942700FE23C0 /* fsg_set.h */; };
		860702391193942700FE23C0 /* pocketsphinx.h in Headers */ = {isa = PBXBuildFile; fileRef = 860701DE1193942700FE23C0 /* pocketsphinx.h */; };
		8607023A1193942700FE23C0 /* pocketsphinx_export.h in Headers */ = {isa = PBXBuildFile; fileRef = 860701E01193942700FE23C0 /* pocketsphinx_export.h */; };
		8607023B1193942700FE23C0 /* ps_lattice.h in Headers */ = {isa = PBXBuildFile; fileRef = 860701E11193942700FE23C0 /* ps_lattice.h */; };
		8607023C1193942700FE23C0 /* ps_mllr.h in Headers */ = {isa = PBXBuildFile; fileRef = 860701E21193942700FE23C0 /* ps_mllr.h */; };
		8607023D1193942700FE23C0 /* ad.h in Headers */ = {isa = PBXBuildFile; fileRef = 860701E41193942700FE23C0 /* ad.h */; };
		8607023E1193942700FE23C0 /* agc.h in Headers */ = {isa = PBXBuildFile; fileRef = 860701E51193942700FE23C0 /* agc.h */; };
		8607023F1193942700FE23C0 /* bio.h in Headers */ = {isa = PBXBuildFile; fileRef = 860701E61193942700FE23C0 /* bio.h */; };
		860702401193942700FE23C0 /* bitvec.h in Headers */ = {isa = PBXBuildFile; fileRef = 860701E71193942700FE23C0 /* bitvec.h */; };
		860702411193942700FE23C0 /* byteorder.h in Headers */ = {isa = PBXBuildFile; fileRef = 860701E81193942700FE23C0 /* byteorder.h */; };
		860702421193942700FE23C0 /* case.h in Headers */ = {isa = PBXBuildFile; fileRef = 860701E91193942700FE23C0 /* case.h */; };
		860702431193942700FE23C0 /* ckd_alloc.h in Headers */ = {isa = PBXBuildFile; fileRef = 860701EA1193942700FE23C0 /* ckd_alloc.h */; };
		860702441193942700FE23C0 /* clapack_lite.h in Headers */ = {isa = PBXBuildFile; fileRef = 860701EB1193942700FE23C0 /* clapack_lite.h */; };
		860702451193942700FE23C0 /* cmd_ln.h in Headers */ = {isa = PBXBuildFile; fileRef = 860701EC1193942700FE23C0 /* cmd_ln.h */; };
		860702461193942700FE23C0 /* cmn.h in Headers */ = {isa = PBXBuildFile; fileRef = 860701ED1193942700FE23C0 /* cmn.h */; };
		860702471193942700FE23C0 /* cont_ad.h in Headers */ = {isa = PBXBuildFile; fileRef = 860701EE1193942700FE23C0 /* cont_ad.h */; };
		860702481193942700FE23C0 /* err.h in Headers */ = {isa = PBXBuildFile; fileRef = 860701EF1193942700FE23C0 /* err.h */; };
		860702491193942700FE23C0 /* f2c.h in Headers */ = {isa = PBXBuildFile; fileRef = 860701F01193942700FE23C0 /* f2c.h */; };
		8607024A1193942700FE23C0 /* fe.h in Headers */ = {isa = PBXBuildFile; fileRef = 860701F11193942700FE23C0 /* fe.h */; };
		8607024B1193942700FE23C0 /* feat.h in Headers */ = {isa = PBXBuildFile; fileRef = 860701F21193942700FE23C0 /* feat.h */; };
		8607024C1193942700FE23C0 /* filename.h in Headers */ = {isa = PBXBuildFile; fileRef = 860701F31193942700FE23C0 /* filename.h */; };
		8607024D1193942700FE23C0 /* fixpoint.h in Headers */ = {isa = PBXBuildFile; fileRef = 860701F41193942700FE23C0 /* fixpoint.h */; };
		8607024E1193942700FE23C0 /* fsg_model.h in Headers */ = {isa = PBXBuildFile; fileRef = 860701F51193942700FE23C0 /* fsg_model.h */; };
		8607024F1193942700FE23C0 /* genrand.h in Headers */ = {isa = PBXBuildFile; fileRef = 860701F61193942700FE23C0 /* genrand.h */; };
		860702501193942700FE23C0 /* glist.h in Headers */ = {isa = PBXBuildFile; fileRef = 860701F71193942700FE23C0 /* glist.h */; };
		860702511193942700FE23C0 /* hash_table.h in Headers */ = {isa = PBXBuildFile; fileRef = 860701F81193942700FE23C0 /* hash_table.h */; };
		860702521193942700FE23C0 /* heap.h in Headers */ = {isa = PBXBuildFile; fileRef = 860701F91193942700FE23C0 /* heap.h */; };
		860702531193942700FE23C0 /* huff_code.h in Headers */ = {isa = PBXBuildFile; fileRef = 860701FA1193942700FE23C0 /* huff_code.h */; };
		860702541193942700FE23C0 /* info.h in Headers */ = {isa = PBXBuildFile; fileRef = 860701FB1193942700FE23C0 /* info.h */; };
		860702551193942700FE23C0 /* jsgf.h in Headers */ = {isa = PBXBuildFile; fileRef = 860701FC1193942700FE23C0 /* jsgf.h */; };
		860702561193942700FE23C0 /* libutil.h in Headers */ = {isa = PBXBuildFile; fileRef = 860701FD1193942700FE23C0 /* libutil.h */; };
		860702571193942700FE23C0 /* listelem_alloc.h in Headers */ = {isa = PBXBuildFile; fileRef = 860701FE1193942700FE23C0 /* listelem_alloc.h */; };
		860702581193942700FE23C0 /* logmath.h in Headers */ = {isa = PBXBuildFile; fileRef = 860701FF1193942700FE23C0 /* logmath.h */; };
		860702591193942700FE23C0 /* matrix.h in Headers */ = {isa = PBXBuildFile; fileRef = 860702001193942700FE23C0 /* matrix.h */; };
		8607025A1193942700FE23C0 /* mmio.h in Headers */ = {isa = PBXBuildFile; fileRef = 860702011193942700FE23C0 /* mmio.h */; };
		8607025B1193942700FE23C0 /* mulaw.h in Headers */ = {isa = PBXBuildFile; fileRef = 860702021193942700FE23C0 /* mulaw.h */; };
		8607025C1193942700FE23C0 /* ngram_model.h in Headers */ = {isa = PBXBuildFile; fileRef = 860702031193942700FE23C0 /* ngram_model.h */; };
		8607025D1193942700FE23C0 /* pio.h in Headers */ = {isa = PBXBuildFile; fileRef = 860702041193942700FE23C0 /* pio.h */; };
		8607025E1193942700FE23C0 /* prim_type.h in Headers */ = {isa = PBXBuildFile; fileRef = 860702051193942700FE23C0 /* prim_type.h */; };
		8607025F1193942700FE23C0 /* profile.h in Headers */ = {isa = PBXBuildFile; fileRef = 860702061193942700FE23C0 /* profile.h */; };
		860702601193942700FE23C0 /* sbthread.h in Headers */ = {isa = PBXBuildFile; fileRef = 860702071193942700FE23C0 /* sbthread.h */; };
		860702611193942700FE23C0 /* sphinx_config.h in Headers */ = {isa = PBXBuildFile; fileRef = 860702081193942700FE23C0 /* sphinx_config.h */; };
		860702621193942700FE23C0 /* sphinxbase_export.h in Headers */ = {isa = PBXBuildFile; fileRef = 8607020A1193942700FE23C0 /* sphinxbase_export.h */; };
		860702631193942700FE23C0 /* strfuncs.h in Headers */ = {isa = PBXBuildFile; fileRef = 8607020B1193942700FE23C0 /* strfuncs.h */; };
		860702641193942700FE23C0 /* unlimit.h in Headers */ = {isa = PBXBuildFile; fileRef = 8607020C1193942700FE23C0 /* unlimit.h */; };
		860702651193942700FE23C0 /* yin.h in Headers */ = {isa = PBXBuildFile; fileRef = 8607020D1193942700FE23C0 /* yin.h */; };
		860703581193A77100FE23C0 /* VKFliteSpeaker.h in Headers */ = {isa = PBXBuildFile; fileRef = 8607FF001191F19B00FE23C0 /* VKFliteSpeaker.h */; };
		860703591193A77300FE23C0 /* VKPocketSphinxDecoder.h in Headers */ = {isa = PBXBuildFile; fileRef = 864882101189CA1D002AB038 /* VKPocketSphinxDecoder.h */; };
		8607035A1193A77300FE23C0 /* VKFliteSpeaker.m in Sources */ = {isa = PBXBuildFile; fileRef = 8607FF011191F19B00FE23C0 /* VKFliteSpeaker.m */; };
		8607F949118A41DB00FE23C0 /* VKController.h in Headers */ = {isa = PBXBuildFile; fileRef = 8607F947118A41DB00FE23C0 /* VKController.h */; };
		8607F94A118A41DB00FE23C0 /* VKController.m in Sources */ = {isa = PBXBuildFile; fileRef = 8607F948118A41DB00FE23C0 /* VKController.m */; };
		8607F9FE118B2DC500FE23C0 /* libiconv.dylib in Frameworks */ = {isa = PBXBuildFile; fileRef = 8607F9FD118B2DC500FE23C0 /* libiconv.dylib */; };
		864882131189CA1D002AB038 /* VKPocketSphinxDecoder.m in Sources */ = {isa = PBXBuildFile; fileRef = 864882111189CA1D002AB038 /* VKPocketSphinxDecoder.m */; };
		864882161189CEFF002AB038 /* VKAQRecorder.h in Headers */ = {isa = PBXBuildFile; fileRef = 864882141189CEFF002AB038 /* VKAQRecorder.h */; settings = {ATTRIBUTES = (Public, ); }; };
		864882171189CEFF002AB038 /* VKAQRecorder.m in Sources */ = {isa = PBXBuildFile; fileRef = 864882151189CEFF002AB038 /* VKAQRecorder.m */; };
		864882281189D4C6002AB038 /* AudioToolbox.framework in Frameworks */ = {isa = PBXBuildFile; fileRef = 864882271189D4C6002AB038 /* AudioToolbox.framework */; };
		864882981189EEA8002AB038 /* VKDecoder.h in Headers */ = {isa = PBXBuildFile; fileRef = 864882971189EEA8002AB038 /* VKDecoder.h */; settings = {ATTRIBUTES = (Public, ); }; };
		AA747D9F0F9514B9006C5449 /* VocalKit_Prefix.pch in Headers */ = {isa = PBXBuildFile; fileRef = AA747D9E0F9514B9006C5449 /* VocalKit_Prefix.pch */; };
		AACBBE4A0F95108600F1A2B1 /* Foundation.framework in Frameworks */ = {isa = PBXBuildFile; fileRef = AACBBE490F95108600F1A2B1 /* Foundation.framework */; };
		D399F333125F9E9F002B712D /* cst_alloc.h in Headers */ = {isa = PBXBuildFile; fileRef = D399F306125F9E9F002B712D /* cst_alloc.h */; };
		D399F334125F9E9F002B712D /* cst_args.h in Headers */ = {isa = PBXBuildFile; fileRef = D399F307125F9E9F002B712D /* cst_args.h */; };
		D399F335125F9E9F002B712D /* cst_audio.h in Headers */ = {isa = PBXBuildFile; fileRef = D399F308125F9E9F002B712D /* cst_audio.h */; };
		D399F336125F9E9F002B712D /* cst_cart.h in Headers */ = {isa = PBXBuildFile; fileRef = D399F309125F9E9F002B712D /* cst_cart.h */; };
		D399F337125F9E9F002B712D /* cst_cg.h in Headers */ = {isa = PBXBuildFile; fileRef = D399F30A125F9E9F002B712D /* cst_cg.h */; };
		D399F338125F9E9F002B712D /* cst_clunits.h in Headers */ = {isa = PBXBuildFile; fileRef = D399F30B125F9E9F002B712D /* cst_clunits.h */; };
		D399F339125F9E9F002B712D /* cst_diphone.h in Headers */ = {isa = PBXBuildFile; fileRef = D399F30C125F9E9F002B712D /* cst_diphone.h */; };
		D399F33A125F9E9F002B712D /* cst_endian.h in Headers */ = {isa = PBXBuildFile; fileRef = D399F30D125F9E9F002B712D /* cst_endian.h */; };
		D399F33B125F9E9F002B712D /* cst_error.h in Headers */ = {isa = PBXBuildFile; fileRef = D399F30E125F9E9F002B712D /* cst_error.h */; };
		D399F33C125F9E9F002B712D /* cst_features.h in Headers */ = {isa = PBXBuildFile; fileRef = D399F30F125F9E9F002B712D /* cst_features.h */; };
		D399F33D125F9E9F002B712D /* cst_ffeatures.h in Headers */ = {isa = PBXBuildFile; fileRef = D399F310125F9E9F002B712D /* cst_ffeatures.h */; };
		D399F33E125F9E9F002B712D /* cst_file.h in Headers */ = {isa = PBXBuildFile; fileRef = D399F311125F9E9F002B712D /* cst_file.h */; };
		D399F33F125F9E9F002B712D /* cst_hrg.h in Headers */ = {isa = PBXBuildFile; fileRef = D399F312125F9E9F002B712D /* cst_hrg.h */; };
		D399F340125F9E9F002B712D /* cst_item.h in Headers */ = {isa = PBXBuildFile; fileRef = D399F313125F9E9F002B712D /* cst_item.h */; };
		D399F341125F9E9F002B712D /* cst_lexicon.h in Headers */ = {isa = PBXBuildFile; fileRef = D399F314125F9E9F002B712D /* cst_lexicon.h */; };
		D399F342125F9E9F002B712D /* cst_lts.h in Headers */ = {isa = PBXBuildFile; fileRef = D399F315125F9E9F002B712D /* cst_lts.h */; };
		D399F343125F9E9F002B712D /* cst_lts_rewrites.h in Headers */ = {isa = PBXBuildFile; fileRef = D399F316125F9E9F002B712D /* cst_lts_rewrites.h */; };
		D399F344125F9E9F002B712D /* cst_math.h in Headers */ = {isa = PBXBuildFile; fileRef = D399F317125F9E9F002B712D /* cst_math.h */; };
		D399F345125F9E9F002B712D /* cst_mlpg.h in Headers */ = {isa = PBXBuildFile; fileRef = D399F318125F9E9F002B712D /* cst_mlpg.h */; };
		D399F346125F9E9F002B712D /* cst_mlsa.h in Headers */ = {isa = PBXBuildFile; fileRef = D399F319125F9E9F002B712D /* cst_mlsa.h */; };
		D399F347125F9E9F002B712D /* cst_phoneset.h in Headers */ = {isa = PBXBuildFile; fileRef = D399F31A125F9E9F002B712D /* cst_phoneset.h */; };
		D399F348125F9E9F002B712D /* cst_regex.h in Headers */ = {isa = PBXBuildFile; fileRef = D399F31B125F9E9F002B712D /* cst_regex.h */; };
		D399F349125F9E9F002B712D /* cst_regex_defs.h in Headers */ = {isa = PBXBuildFile; fileRef = D399F31C125F9E9F002B712D /* cst_regex_defs.h */; };
		D399F34A125F9E9F002B712D /* cst_relation.h in Headers */ = {isa = PBXBuildFile; fileRef = D399F31D125F9E9F002B712D /* cst_relation.h */; };
		D399F34B125F9E9F002B712D /* cst_sigpr.h in Headers */ = {isa = PBXBuildFile; fileRef = D399F31E125F9E9F002B712D /* cst_sigpr.h */; };
		D399F34C125F9E9F002B712D /* cst_socket.h in Headers */ = {isa = PBXBuildFile; fileRef = D399F31F125F9E9F002B712D /* cst_socket.h */; };
		D399F34D125F9E9F002B712D /* cst_ss.h in Headers */ = {isa = PBXBuildFile; fileRef = D399F320125F9E9F002B712D /* cst_ss.h */; };
		D399F34E125F9E9F002B712D /* cst_string.h in Headers */ = {isa = PBXBuildFile; fileRef = D399F321125F9E9F002B712D /* cst_string.h */; };
		D399F34F125F9E9F002B712D /* cst_sts.h in Headers */ = {isa = PBXBuildFile; fileRef = D399F322125F9E9F002B712D /* cst_sts.h */; };
		D399F350125F9E9F002B712D /* cst_synth.h in Headers */ = {isa = PBXBuildFile; fileRef = D399F323125F9E9F002B712D /* cst_synth.h */; };
		D399F351125F9E9F002B712D /* cst_tokenstream.h in Headers */ = {isa = PBXBuildFile; fileRef = D399F324125F9E9F002B712D /* cst_tokenstream.h */; };
		D399F352125F9E9F002B712D /* cst_track.h in Headers */ = {isa = PBXBuildFile; fileRef = D399F325125F9E9F002B712D /* cst_track.h */; };
		D399F353125F9E9F002B712D /* cst_units.h in Headers */ = {isa = PBXBuildFile; fileRef = D399F326125F9E9F002B712D /* cst_units.h */; };
		D399F354125F9E9F002B712D /* cst_utt_utils.h in Headers */ = {isa = PBXBuildFile; fileRef = D399F327125F9E9F002B712D /* cst_utt_utils.h */; };
		D399F355125F9E9F002B712D /* cst_utterance.h in Headers */ = {isa = PBXBuildFile; fileRef = D399F328125F9E9F002B712D /* cst_utterance.h */; };
		D399F356125F9E9F002B712D /* cst_val.h in Headers */ = {isa = PBXBuildFile; fileRef = D399F329125F9E9F002B712D /* cst_val.h */; };
		D399F357125F9E9F002B712D /* cst_val_const.h in Headers */ = {isa = PBXBuildFile; fileRef = D399F32A125F9E9F002B712D /* cst_val_const.h */; };
		D399F358125F9E9F002B712D /* cst_val_defs.h in Headers */ = {isa = PBXBuildFile; fileRef = D399F32B125F9E9F002B712D /* cst_val_defs.h */; };
		D399F359125F9E9F002B712D /* cst_vc.h in Headers */ = {isa = PBXBuildFile; fileRef = D399F32C125F9E9F002B712D /* cst_vc.h */; };
		D399F35A125F9E9F002B712D /* cst_viterbi.h in Headers */ = {isa = PBXBuildFile; fileRef = D399F32D125F9E9F002B712D /* cst_viterbi.h */; };
		D399F35B125F9E9F002B712D /* cst_voice.h in Headers */ = {isa = PBXBuildFile; fileRef = D399F32E125F9E9F002B712D /* cst_voice.h */; };
		D399F35C125F9E9F002B712D /* cst_wave.h in Headers */ = {isa = PBXBuildFile; fileRef = D399F32F125F9E9F002B712D /* cst_wave.h */; };
		D399F35D125F9E9F002B712D /* cst_wchar.h in Headers */ = {isa = PBXBuildFile; fileRef = D399F330125F9E9F002B712D /* cst_wchar.h */; };
		D399F35E125F9E9F002B712D /* flite.h in Headers */ = {isa = PBXBuildFile; fileRef = D399F331125F9E9F002B712D /* flite.h */; };
		D399F35F125F9E9F002B712D /* flite_version.h in Headers */ = {isa = PBXBuildFile; fileRef = D399F332125F9E9F002B712D /* flite_version.h */; };
/* End PBXBuildFile section */

/* Begin PBXFileReference section */
		860701DC1193942700FE23C0 /* cmdln_macro.h */ = {isa = PBXFileReference; fileEncoding = 4; lastKnownFileType = sourcecode.c.h; path = cmdln_macro.h; sourceTree = "<group>"; };
		860701DD1193942700FE23C0 /* fsg_set.h */ = {isa = PBXFileReference; fileEncoding = 4; lastKnownFileType = sourcecode.c.h; path = fsg_set.h; sourceTree = "<group>"; };
		860701DE1193942700FE23C0 /* pocketsphinx.h */ = {isa = PBXFileReference; fileEncoding = 4; lastKnownFileType = sourcecode.c.h; path = pocketsphinx.h; sourceTree = "<group>"; };
		860701DF1193942700FE23C0 /* pocketsphinx.pxd */ = {isa = PBXFileReference; fileEncoding = 4; lastKnownFileType = text; path = pocketsphinx.pxd; sourceTree = "<group>"; };
		860701E01193942700FE23C0 /* pocketsphinx_export.h */ = {isa = PBXFileReference; fileEncoding = 4; lastKnownFileType = sourcecode.c.h; path = pocketsphinx_export.h; sourceTree = "<group>"; };
		860701E11193942700FE23C0 /* ps_lattice.h */ = {isa = PBXFileReference; fileEncoding = 4; lastKnownFileType = sourcecode.c.h; path = ps_lattice.h; sourceTree = "<group>"; };
		860701E21193942700FE23C0 /* ps_mllr.h */ = {isa = PBXFileReference; fileEncoding = 4; lastKnownFileType = sourcecode.c.h; path = ps_mllr.h; sourceTree = "<group>"; };
		860701E41193942700FE23C0 /* ad.h */ = {isa = PBXFileReference; fileEncoding = 4; lastKnownFileType = sourcecode.c.h; path = ad.h; sourceTree = "<group>"; };
		860701E51193942700FE23C0 /* agc.h */ = {isa = PBXFileReference; fileEncoding = 4; lastKnownFileType = sourcecode.c.h; path = agc.h; sourceTree = "<group>"; };
		860701E61193942700FE23C0 /* bio.h */ = {isa = PBXFileReference; fileEncoding = 4; lastKnownFileType = sourcecode.c.h; path = bio.h; sourceTree = "<group>"; };
		860701E71193942700FE23C0 /* bitvec.h */ = {isa = PBXFileReference; fileEncoding = 4; lastKnownFileType = sourcecode.c.h; path = bitvec.h; sourceTree = "<group>"; };
		860701E81193942700FE23C0 /* byteorder.h */ = {isa = PBXFileReference; fileEncoding = 4; lastKnownFileType = sourcecode.c.h; path = byteorder.h; sourceTree = "<group>"; };
		860701E91193942700FE23C0 /* case.h */ = {isa = PBXFileReference; fileEncoding = 4; lastKnownFileType = sourcecode.c.h; path = case.h; sourceTree = "<group>"; };
		860701EA1193942700FE23C0 /* ckd_alloc.h */ = {isa = PBXFileReference; fileEncoding = 4; lastKnownFileType = sourcecode.c.h; path = ckd_alloc.h; sourceTree = "<group>"; };
		860701EB1193942700FE23C0 /* clapack_lite.h */ = {isa = PBXFileReference; fileEncoding = 4; lastKnownFileType = sourcecode.c.h; path = clapack_lite.h; sourceTree = "<group>"; };
		860701EC1193942700FE23C0 /* cmd_ln.h */ = {isa = PBXFileReference; fileEncoding = 4; lastKnownFileType = sourcecode.c.h; path = cmd_ln.h; sourceTree = "<group>"; };
		860701ED1193942700FE23C0 /* cmn.h */ = {isa = PBXFileReference; fileEncoding = 4; lastKnownFileType = sourcecode.c.h; path = cmn.h; sourceTree = "<group>"; };
		860701EE1193942700FE23C0 /* cont_ad.h */ = {isa = PBXFileReference; fileEncoding = 4; lastKnownFileType = sourcecode.c.h; path = cont_ad.h; sourceTree = "<group>"; };
		860701EF1193942700FE23C0 /* err.h */ = {isa = PBXFileReference; fileEncoding = 4; lastKnownFileType = sourcecode.c.h; path = err.h; sourceTree = "<group>"; };
		860701F01193942700FE23C0 /* f2c.h */ = {isa = PBXFileReference; fileEncoding = 4; lastKnownFileType = sourcecode.c.h; path = f2c.h; sourceTree = "<group>"; };
		860701F11193942700FE23C0 /* fe.h */ = {isa = PBXFileReference; fileEncoding = 4; lastKnownFileType = sourcecode.c.h; path = fe.h; sourceTree = "<group>"; };
		860701F21193942700FE23C0 /* feat.h */ = {isa = PBXFileReference; fileEncoding = 4; lastKnownFileType = sourcecode.c.h; path = feat.h; sourceTree = "<group>"; };
		860701F31193942700FE23C0 /* filename.h */ = {isa = PBXFileReference; fileEncoding = 4; lastKnownFileType = sourcecode.c.h; path = filename.h; sourceTree = "<group>"; };
		860701F41193942700FE23C0 /* fixpoint.h */ = {isa = PBXFileReference; fileEncoding = 4; lastKnownFileType = sourcecode.c.h; path = fixpoint.h; sourceTree = "<group>"; };
		860701F51193942700FE23C0 /* fsg_model.h */ = {isa = PBXFileReference; fileEncoding = 4; lastKnownFileType = sourcecode.c.h; path = fsg_model.h; sourceTree = "<group>"; };
		860701F61193942700FE23C0 /* genrand.h */ = {isa = PBXFileReference; fileEncoding = 4; lastKnownFileType = sourcecode.c.h; path = genrand.h; sourceTree = "<group>"; };
		860701F71193942700FE23C0 /* glist.h */ = {isa = PBXFileReference; fileEncoding = 4; lastKnownFileType = sourcecode.c.h; path = glist.h; sourceTree = "<group>"; };
		860701F81193942700FE23C0 /* hash_table.h */ = {isa = PBXFileReference; fileEncoding = 4; lastKnownFileType = sourcecode.c.h; path = hash_table.h; sourceTree = "<group>"; };
		860701F91193942700FE23C0 /* heap.h */ = {isa = PBXFileReference; fileEncoding = 4; lastKnownFileType = sourcecode.c.h; path = heap.h; sourceTree = "<group>"; };
		860701FA1193942700FE23C0 /* huff_code.h */ = {isa = PBXFileReference; fileEncoding = 4; lastKnownFileType = sourcecode.c.h; path = huff_code.h; sourceTree = "<group>"; };
		860701FB1193942700FE23C0 /* info.h */ = {isa = PBXFileReference; fileEncoding = 4; lastKnownFileType = sourcecode.c.h; path = info.h; sourceTree = "<group>"; };
		860701FC1193942700FE23C0 /* jsgf.h */ = {isa = PBXFileReference; fileEncoding = 4; lastKnownFileType = sourcecode.c.h; path = jsgf.h; sourceTree = "<group>"; };
		860701FD1193942700FE23C0 /* libutil.h */ = {isa = PBXFileReference; fileEncoding = 4; lastKnownFileType = sourcecode.c.h; path = libutil.h; sourceTree = "<group>"; };
		860701FE1193942700FE23C0 /* listelem_alloc.h */ = {isa = PBXFileReference; fileEncoding = 4; lastKnownFileType = sourcecode.c.h; path = listelem_alloc.h; sourceTree = "<group>"; };
		860701FF1193942700FE23C0 /* logmath.h */ = {isa = PBXFileReference; fileEncoding = 4; lastKnownFileType = sourcecode.c.h; path = logmath.h; sourceTree = "<group>"; };
		860702001193942700FE23C0 /* matrix.h */ = {isa = PBXFileReference; fileEncoding = 4; lastKnownFileType = sourcecode.c.h; path = matrix.h; sourceTree = "<group>"; };
		860702011193942700FE23C0 /* mmio.h */ = {isa = PBXFileReference; fileEncoding = 4; lastKnownFileType = sourcecode.c.h; path = mmio.h; sourceTree = "<group>"; };
		860702021193942700FE23C0 /* mulaw.h */ = {isa = PBXFileReference; fileEncoding = 4; lastKnownFileType = sourcecode.c.h; path = mulaw.h; sourceTree = "<group>"; };
		860702031193942700FE23C0 /* ngram_model.h */ = {isa = PBXFileReference; fileEncoding = 4; lastKnownFileType = sourcecode.c.h; path = ngram_model.h; sourceTree = "<group>"; };
		860702041193942700FE23C0 /* pio.h */ = {isa = PBXFileReference; fileEncoding = 4; lastKnownFileType = sourcecode.c.h; path = pio.h; sourceTree = "<group>"; };
		860702051193942700FE23C0 /* prim_type.h */ = {isa = PBXFileReference; fileEncoding = 4; lastKnownFileType = sourcecode.c.h; path = prim_type.h; sourceTree = "<group>"; };
		860702061193942700FE23C0 /* profile.h */ = {isa = PBXFileReference; fileEncoding = 4; lastKnownFileType = sourcecode.c.h; path = profile.h; sourceTree = "<group>"; };
		860702071193942700FE23C0 /* sbthread.h */ = {isa = PBXFileReference; fileEncoding = 4; lastKnownFileType = sourcecode.c.h; path = sbthread.h; sourceTree = "<group>"; };
		860702081193942700FE23C0 /* sphinx_config.h */ = {isa = PBXFileReference; fileEncoding = 4; lastKnownFileType = sourcecode.c.h; path = sphinx_config.h; sourceTree = "<group>"; };
		860702091193942700FE23C0 /* sphinxbase.pxd */ = {isa = PBXFileReference; fileEncoding = 4; lastKnownFileType = text; path = sphinxbase.pxd; sourceTree = "<group>"; };
		8607020A1193942700FE23C0 /* sphinxbase_export.h */ = {isa = PBXFileReference; fileEncoding = 4; lastKnownFileType = sourcecode.c.h; path = sphinxbase_export.h; sourceTree = "<group>"; };
		8607020B1193942700FE23C0 /* strfuncs.h */ = {isa = PBXFileReference; fileEncoding = 4; lastKnownFileType = sourcecode.c.h; path = strfuncs.h; sourceTree = "<group>"; };
		8607020C1193942700FE23C0 /* unlimit.h */ = {isa = PBXFileReference; fileEncoding = 4; lastKnownFileType = sourcecode.c.h; path = unlimit.h; sourceTree = "<group>"; };
		8607020D1193942700FE23C0 /* yin.h */ = {isa = PBXFileReference; fileEncoding = 4; lastKnownFileType = sourcecode.c.h; path = yin.h; sourceTree = "<group>"; };
		8607F947118A41DB00FE23C0 /* VKController.h */ = {isa = PBXFileReference; fileEncoding = 4; lastKnownFileType = sourcecode.c.h; path = VKController.h; sourceTree = "<group>"; };
		8607F948118A41DB00FE23C0 /* VKController.m */ = {isa = PBXFileReference; fileEncoding = 4; lastKnownFileType = sourcecode.c.objc; path = VKController.m; sourceTree = "<group>"; };
		8607F9FD118B2DC500FE23C0 /* libiconv.dylib */ = {isa = PBXFileReference; lastKnownFileType = "compiled.mach-o.dylib"; name = libiconv.dylib; path = usr/lib/libiconv.dylib; sourceTree = SDKROOT; };
		8607FEDF118FC88D00FE23C0 /* README.mdown */ = {isa = PBXFileReference; fileEncoding = 4; lastKnownFileType = text; path = README.mdown; sourceTree = "<group>"; };
		8607FF001191F19B00FE23C0 /* VKFliteSpeaker.h */ = {isa = PBXFileReference; fileEncoding = 4; lastKnownFileType = sourcecode.c.h; path = VKFliteSpeaker.h; sourceTree = "<group>"; };
		8607FF011191F19B00FE23C0 /* VKFliteSpeaker.m */ = {isa = PBXFileReference; fileEncoding = 4; lastKnownFileType = sourcecode.c.objc; path = VKFliteSpeaker.m; sourceTree = "<group>"; };
		864882101189CA1D002AB038 /* VKPocketSphinxDecoder.h */ = {isa = PBXFileReference; fileEncoding = 4; lastKnownFileType = sourcecode.c.h; path = VKPocketSphinxDecoder.h; sourceTree = "<group>"; };
		864882111189CA1D002AB038 /* VKPocketSphinxDecoder.m */ = {isa = PBXFileReference; fileEncoding = 4; lastKnownFileType = sourcecode.c.objc; path = VKPocketSphinxDecoder.m; sourceTree = "<group>"; };
		864882141189CEFF002AB038 /* VKAQRecorder.h */ = {isa = PBXFileReference; fileEncoding = 4; lastKnownFileType = sourcecode.c.h; path = VKAQRecorder.h; sourceTree = "<group>"; };
		864882151189CEFF002AB038 /* VKAQRecorder.m */ = {isa = PBXFileReference; fileEncoding = 4; lastKnownFileType = sourcecode.c.objc; path = VKAQRecorder.m; sourceTree = "<group>"; };
		864882271189D4C6002AB038 /* AudioToolbox.framework */ = {isa = PBXFileReference; lastKnownFileType = wrapper.framework; name = AudioToolbox.framework; path = System/Library/Frameworks/AudioToolbox.framework; sourceTree = SDKROOT; };
		864882971189EEA8002AB038 /* VKDecoder.h */ = {isa = PBXFileReference; fileEncoding = 4; lastKnownFileType = sourcecode.c.h; path = VKDecoder.h; sourceTree = "<group>"; };
		AA747D9E0F9514B9006C5449 /* VocalKit_Prefix.pch */ = {isa = PBXFileReference; fileEncoding = 4; lastKnownFileType = sourcecode.c.h; path = VocalKit_Prefix.pch; sourceTree = SOURCE_ROOT; };
		AACBBE490F95108600F1A2B1 /* Foundation.framework */ = {isa = PBXFileReference; lastKnownFileType = wrapper.framework; name = Foundation.framework; path = System/Library/Frameworks/Foundation.framework; sourceTree = SDKROOT; };
		D2AAC07E0554694100DB518D /* libVocalKit.a */ = {isa = PBXFileReference; explicitFileType = archive.ar; includeInIndex = 0; path = libVocalKit.a; sourceTree = BUILT_PRODUCTS_DIR; };
		D399F306125F9E9F002B712D /* cst_alloc.h */ = {isa = PBXFileReference; fileEncoding = 4; lastKnownFileType = sourcecode.c.h; path = cst_alloc.h; sourceTree = "<group>"; };
		D399F307125F9E9F002B712D /* cst_args.h */ = {isa = PBXFileReference; fileEncoding = 4; lastKnownFileType = sourcecode.c.h; path = cst_args.h; sourceTree = "<group>"; };
		D399F308125F9E9F002B712D /* cst_audio.h */ = {isa = PBXFileReference; fileEncoding = 4; lastKnownFileType = sourcecode.c.h; path = cst_audio.h; sourceTree = "<group>"; };
		D399F309125F9E9F002B712D /* cst_cart.h */ = {isa = PBXFileReference; fileEncoding = 4; lastKnownFileType = sourcecode.c.h; path = cst_cart.h; sourceTree = "<group>"; };
		D399F30A125F9E9F002B712D /* cst_cg.h */ = {isa = PBXFileReference; fileEncoding = 4; lastKnownFileType = sourcecode.c.h; path = cst_cg.h; sourceTree = "<group>"; };
		D399F30B125F9E9F002B712D /* cst_clunits.h */ = {isa = PBXFileReference; fileEncoding = 4; lastKnownFileType = sourcecode.c.h; path = cst_clunits.h; sourceTree = "<group>"; };
		D399F30C125F9E9F002B712D /* cst_diphone.h */ = {isa = PBXFileReference; fileEncoding = 4; lastKnownFileType = sourcecode.c.h; path = cst_diphone.h; sourceTree = "<group>"; };
		D399F30D125F9E9F002B712D /* cst_endian.h */ = {isa = PBXFileReference; fileEncoding = 4; lastKnownFileType = sourcecode.c.h; path = cst_endian.h; sourceTree = "<group>"; };
		D399F30E125F9E9F002B712D /* cst_error.h */ = {isa = PBXFileReference; fileEncoding = 4; lastKnownFileType = sourcecode.c.h; path = cst_error.h; sourceTree = "<group>"; };
		D399F30F125F9E9F002B712D /* cst_features.h */ = {isa = PBXFileReference; fileEncoding = 4; lastKnownFileType = sourcecode.c.h; path = cst_features.h; sourceTree = "<group>"; };
		D399F310125F9E9F002B712D /* cst_ffeatures.h */ = {isa = PBXFileReference; fileEncoding = 4; lastKnownFileType = sourcecode.c.h; path = cst_ffeatures.h; sourceTree = "<group>"; };
		D399F311125F9E9F002B712D /* cst_file.h */ = {isa = PBXFileReference; fileEncoding = 4; lastKnownFileType = sourcecode.c.h; path = cst_file.h; sourceTree = "<group>"; };
		D399F312125F9E9F002B712D /* cst_hrg.h */ = {isa = PBXFileReference; fileEncoding = 4; lastKnownFileType = sourcecode.c.h; path = cst_hrg.h; sourceTree = "<group>"; };
		D399F313125F9E9F002B712D /* cst_item.h */ = {isa = PBXFileReference; fileEncoding = 4; lastKnownFileType = sourcecode.c.h; path = cst_item.h; sourceTree = "<group>"; };
		D399F314125F9E9F002B712D /* cst_lexicon.h */ = {isa = PBXFileReference; fileEncoding = 4; lastKnownFileType = sourcecode.c.h; path = cst_lexicon.h; sourceTree = "<group>"; };
		D399F315125F9E9F002B712D /* cst_lts.h */ = {isa = PBXFileReference; fileEncoding = 4; lastKnownFileType = sourcecode.c.h; path = cst_lts.h; sourceTree = "<group>"; };
		D399F316125F9E9F002B712D /* cst_lts_rewrites.h */ = {isa = PBXFileReference; fileEncoding = 4; lastKnownFileType = sourcecode.c.h; path = cst_lts_rewrites.h; sourceTree = "<group>"; };
		D399F317125F9E9F002B712D /* cst_math.h */ = {isa = PBXFileReference; fileEncoding = 4; lastKnownFileType = sourcecode.c.h; path = cst_math.h; sourceTree = "<group>"; };
		D399F318125F9E9F002B712D /* cst_mlpg.h */ = {isa = PBXFileReference; fileEncoding = 4; lastKnownFileType = sourcecode.c.h; path = cst_mlpg.h; sourceTree = "<group>"; };
		D399F319125F9E9F002B712D /* cst_mlsa.h */ = {isa = PBXFileReference; fileEncoding = 4; lastKnownFileType = sourcecode.c.h; path = cst_mlsa.h; sourceTree = "<group>"; };
		D399F31A125F9E9F002B712D /* cst_phoneset.h */ = {isa = PBXFileReference; fileEncoding = 4; lastKnownFileType = sourcecode.c.h; path = cst_phoneset.h; sourceTree = "<group>"; };
		D399F31B125F9E9F002B712D /* cst_regex.h */ = {isa = PBXFileReference; fileEncoding = 4; lastKnownFileType = sourcecode.c.h; path = cst_regex.h; sourceTree = "<group>"; };
		D399F31C125F9E9F002B712D /* cst_regex_defs.h */ = {isa = PBXFileReference; fileEncoding = 4; lastKnownFileType = sourcecode.c.h; path = cst_regex_defs.h; sourceTree = "<group>"; };
		D399F31D125F9E9F002B712D /* cst_relation.h */ = {isa = PBXFileReference; fileEncoding = 4; lastKnownFileType = sourcecode.c.h; path = cst_relation.h; sourceTree = "<group>"; };
		D399F31E125F9E9F002B712D /* cst_sigpr.h */ = {isa = PBXFileReference; fileEncoding = 4; lastKnownFileType = sourcecode.c.h; path = cst_sigpr.h; sourceTree = "<group>"; };
		D399F31F125F9E9F002B712D /* cst_socket.h */ = {isa = PBXFileReference; fileEncoding = 4; lastKnownFileType = sourcecode.c.h; path = cst_socket.h; sourceTree = "<group>"; };
		D399F320125F9E9F002B712D /* cst_ss.h */ = {isa = PBXFileReference; fileEncoding = 4; lastKnownFileType = sourcecode.c.h; path = cst_ss.h; sourceTree = "<group>"; };
		D399F321125F9E9F002B712D /* cst_string.h */ = {isa = PBXFileReference; fileEncoding = 4; lastKnownFileType = sourcecode.c.h; path = cst_string.h; sourceTree = "<group>"; };
		D399F322125F9E9F002B712D /* cst_sts.h */ = {isa = PBXFileReference; fileEncoding = 4; lastKnownFileType = sourcecode.c.h; path = cst_sts.h; sourceTree = "<group>"; };
		D399F323125F9E9F002B712D /* cst_synth.h */ = {isa = PBXFileReference; fileEncoding = 4; lastKnownFileType = sourcecode.c.h; path = cst_synth.h; sourceTree = "<group>"; };
		D399F324125F9E9F002B712D /* cst_tokenstream.h */ = {isa = PBXFileReference; fileEncoding = 4; lastKnownFileType = sourcecode.c.h; path = cst_tokenstream.h; sourceTree = "<group>"; };
		D399F325125F9E9F002B712D /* cst_track.h */ = {isa = PBXFileReference; fileEncoding = 4; lastKnownFileType = sourcecode.c.h; path = cst_track.h; sourceTree = "<group>"; };
		D399F326125F9E9F002B712D /* cst_units.h */ = {isa = PBXFileReference; fileEncoding = 4; lastKnownFileType = sourcecode.c.h; path = cst_units.h; sourceTree = "<group>"; };
		D399F327125F9E9F002B712D /* cst_utt_utils.h */ = {isa = PBXFileReference; fileEncoding = 4; lastKnownFileType = sourcecode.c.h; path = cst_utt_utils.h; sourceTree = "<group>"; };
		D399F328125F9E9F002B712D /* cst_utterance.h */ = {isa = PBXFileReference; fileEncoding = 4; lastKnownFileType = sourcecode.c.h; path = cst_utterance.h; sourceTree = "<group>"; };
		D399F329125F9E9F002B712D /* cst_val.h */ = {isa = PBXFileReference; fileEncoding = 4; lastKnownFileType = sourcecode.c.h; path = cst_val.h; sourceTree = "<group>"; };
		D399F32A125F9E9F002B712D /* cst_val_const.h */ = {isa = PBXFileReference; fileEncoding = 4; lastKnownFileType = sourcecode.c.h; path = cst_val_const.h; sourceTree = "<group>"; };
		D399F32B125F9E9F002B712D /* cst_val_defs.h */ = {isa = PBXFileReference; fileEncoding = 4; lastKnownFileType = sourcecode.c.h; path = cst_val_defs.h; sourceTree = "<group>"; };
		D399F32C125F9E9F002B712D /* cst_vc.h */ = {isa = PBXFileReference; fileEncoding = 4; lastKnownFileType = sourcecode.c.h; path = cst_vc.h; sourceTree = "<group>"; };
		D399F32D125F9E9F002B712D /* cst_viterbi.h */ = {isa = PBXFileReference; fileEncoding = 4; lastKnownFileType = sourcecode.c.h; path = cst_viterbi.h; sourceTree = "<group>"; };
		D399F32E125F9E9F002B712D /* cst_voice.h */ = {isa = PBXFileReference; fileEncoding = 4; lastKnownFileType = sourcecode.c.h; path = cst_voice.h; sourceTree = "<group>"; };
		D399F32F125F9E9F002B712D /* cst_wave.h */ = {isa = PBXFileReference; fileEncoding = 4; lastKnownFileType = sourcecode.c.h; path = cst_wave.h; sourceTree = "<group>"; };
		D399F330125F9E9F002B712D /* cst_wchar.h */ = {isa = PBXFileReference; fileEncoding = 4; lastKnownFileType = sourcecode.c.h; path = cst_wchar.h; sourceTree = "<group>"; };
		D399F331125F9E9F002B712D /* flite.h */ = {isa = PBXFileReference; fileEncoding = 4; lastKnownFileType = sourcecode.c.h; path = flite.h; sourceTree = "<group>"; };
		D399F332125F9E9F002B712D /* flite_version.h */ = {isa = PBXFileReference; fileEncoding = 4; lastKnownFileType = sourcecode.c.h; path = flite_version.h; sourceTree = "<group>"; };
/* End PBXFileReference section */

/* Begin PBXFrameworksBuildPhase section */
		D2AAC07C0554694100DB518D /* Frameworks */ = {
			isa = PBXFrameworksBuildPhase;
			buildActionMask = 2147483647;
			files = (
				AACBBE4A0F95108600F1A2B1 /* Foundation.framework in Frameworks */,
				864882281189D4C6002AB038 /* AudioToolbox.framework in Frameworks */,
				8607F9FE118B2DC500FE23C0 /* libiconv.dylib in Frameworks */,
			);
			runOnlyForDeploymentPostprocessing = 0;
		};
/* End PBXFrameworksBuildPhase section */

/* Begin PBXGroup section */
		034768DFFF38A50411DB9C8B /* Products */ = {
			isa = PBXGroup;
			children = (
				D2AAC07E0554694100DB518D /* libVocalKit.a */,
			);
			name = Products;
			sourceTree = "<group>";
		};
		0867D691FE84028FC02AAC07 /* VocalKit */ = {
			isa = PBXGroup;
			children = (
				8607FEDF118FC88D00FE23C0 /* README.mdown */,
				08FB77AEFE84172EC02AAC07 /* Classes */,
				32C88DFF0371C24200C91783 /* Other Sources */,
				0867D69AFE84028FC02AAC07 /* Frameworks */,
				034768DFFF38A50411DB9C8B /* Products */,
			);
			name = VocalKit;
			sourceTree = "<group>";
		};
		0867D69AFE84028FC02AAC07 /* Frameworks */ = {
			isa = PBXGroup;
			children = (
				860701B01193942700FE23C0 /* include */,
				8607F9FD118B2DC500FE23C0 /* libiconv.dylib */,
				864882271189D4C6002AB038 /* AudioToolbox.framework */,
				AACBBE490F95108600F1A2B1 /* Foundation.framework */,
			);
			name = Frameworks;
			sourceTree = "<group>";
		};
		08FB77AEFE84172EC02AAC07 /* Classes */ = {
			isa = PBXGroup;
			children = (
				8607F947118A41DB00FE23C0 /* VKController.h */,
				8607F948118A41DB00FE23C0 /* VKController.m */,
				864882971189EEA8002AB038 /* VKDecoder.h */,
				864882101189CA1D002AB038 /* VKPocketSphinxDecoder.h */,
				864882111189CA1D002AB038 /* VKPocketSphinxDecoder.m */,
				864882141189CEFF002AB038 /* VKAQRecorder.h */,
				864882151189CEFF002AB038 /* VKAQRecorder.m */,
				8607FF001191F19B00FE23C0 /* VKFliteSpeaker.h */,
				8607FF011191F19B00FE23C0 /* VKFliteSpeaker.m */,
			);
			name = Classes;
			sourceTree = "<group>";
		};
		32C88DFF0371C24200C91783 /* Other Sources */ = {
			isa = PBXGroup;
			children = (
				AA747D9E0F9514B9006C5449 /* VocalKit_Prefix.pch */,
			);
			name = "Other Sources";
			sourceTree = "<group>";
		};
		860701B01193942700FE23C0 /* include */ = {
			isa = PBXGroup;
			children = (
				D399F305125F9E9F002B712D /* flite */,
				860701DB1193942700FE23C0 /* pocketsphinx */,
				860701E31193942700FE23C0 /* sphinxbase */,
			);
			path = include;
			sourceTree = "<group>";
		};
		860701DB1193942700FE23C0 /* pocketsphinx */ = {
			isa = PBXGroup;
			children = (
				860701DC1193942700FE23C0 /* cmdln_macro.h */,
				860701DD1193942700FE23C0 /* fsg_set.h */,
				860701DE1193942700FE23C0 /* pocketsphinx.h */,
				860701DF1193942700FE23C0 /* pocketsphinx.pxd */,
				860701E01193942700FE23C0 /* pocketsphinx_export.h */,
				860701E11193942700FE23C0 /* ps_lattice.h */,
				860701E21193942700FE23C0 /* ps_mllr.h */,
			);
			path = pocketsphinx;
			sourceTree = "<group>";
		};
		860701E31193942700FE23C0 /* sphinxbase */ = {
			isa = PBXGroup;
			children = (
				860701E41193942700FE23C0 /* ad.h */,
				860701E51193942700FE23C0 /* agc.h */,
				860701E61193942700FE23C0 /* bio.h */,
				860701E71193942700FE23C0 /* bitvec.h */,
				860701E81193942700FE23C0 /* byteorder.h */,
				860701E91193942700FE23C0 /* case.h */,
				860701EA1193942700FE23C0 /* ckd_alloc.h */,
				860701EB1193942700FE23C0 /* clapack_lite.h */,
				860701EC1193942700FE23C0 /* cmd_ln.h */,
				860701ED1193942700FE23C0 /* cmn.h */,
				860701EE1193942700FE23C0 /* cont_ad.h */,
				860701EF1193942700FE23C0 /* err.h */,
				860701F01193942700FE23C0 /* f2c.h */,
				860701F11193942700FE23C0 /* fe.h */,
				860701F21193942700FE23C0 /* feat.h */,
				860701F31193942700FE23C0 /* filename.h */,
				860701F41193942700FE23C0 /* fixpoint.h */,
				860701F51193942700FE23C0 /* fsg_model.h */,
				860701F61193942700FE23C0 /* genrand.h */,
				860701F71193942700FE23C0 /* glist.h */,
				860701F81193942700FE23C0 /* hash_table.h */,
				860701F91193942700FE23C0 /* heap.h */,
				860701FA1193942700FE23C0 /* huff_code.h */,
				860701FB1193942700FE23C0 /* info.h */,
				860701FC1193942700FE23C0 /* jsgf.h */,
				860701FD1193942700FE23C0 /* libutil.h */,
				860701FE1193942700FE23C0 /* listelem_alloc.h */,
				860701FF1193942700FE23C0 /* logmath.h */,
				860702001193942700FE23C0 /* matrix.h */,
				860702011193942700FE23C0 /* mmio.h */,
				860702021193942700FE23C0 /* mulaw.h */,
				860702031193942700FE23C0 /* ngram_model.h */,
				860702041193942700FE23C0 /* pio.h */,
				860702051193942700FE23C0 /* prim_type.h */,
				860702061193942700FE23C0 /* profile.h */,
				860702071193942700FE23C0 /* sbthread.h */,
				860702081193942700FE23C0 /* sphinx_config.h */,
				860702091193942700FE23C0 /* sphinxbase.pxd */,
				8607020A1193942700FE23C0 /* sphinxbase_export.h */,
				8607020B1193942700FE23C0 /* strfuncs.h */,
				8607020C1193942700FE23C0 /* unlimit.h */,
				8607020D1193942700FE23C0 /* yin.h */,
			);
			path = sphinxbase;
			sourceTree = "<group>";
		};
		D399F305125F9E9F002B712D /* flite */ = {
			isa = PBXGroup;
			children = (
				D399F306125F9E9F002B712D /* cst_alloc.h */,
				D399F307125F9E9F002B712D /* cst_args.h */,
				D399F308125F9E9F002B712D /* cst_audio.h */,
				D399F309125F9E9F002B712D /* cst_cart.h */,
				D399F30A125F9E9F002B712D /* cst_cg.h */,
				D399F30B125F9E9F002B712D /* cst_clunits.h */,
				D399F30C125F9E9F002B712D /* cst_diphone.h */,
				D399F30D125F9E9F002B712D /* cst_endian.h */,
				D399F30E125F9E9F002B712D /* cst_error.h */,
				D399F30F125F9E9F002B712D /* cst_features.h */,
				D399F310125F9E9F002B712D /* cst_ffeatures.h */,
				D399F311125F9E9F002B712D /* cst_file.h */,
				D399F312125F9E9F002B712D /* cst_hrg.h */,
				D399F313125F9E9F002B712D /* cst_item.h */,
				D399F314125F9E9F002B712D /* cst_lexicon.h */,
				D399F315125F9E9F002B712D /* cst_lts.h */,
				D399F316125F9E9F002B712D /* cst_lts_rewrites.h */,
				D399F317125F9E9F002B712D /* cst_math.h */,
				D399F318125F9E9F002B712D /* cst_mlpg.h */,
				D399F319125F9E9F002B712D /* cst_mlsa.h */,
				D399F31A125F9E9F002B712D /* cst_phoneset.h */,
				D399F31B125F9E9F002B712D /* cst_regex.h */,
				D399F31C125F9E9F002B712D /* cst_regex_defs.h */,
				D399F31D125F9E9F002B712D /* cst_relation.h */,
				D399F31E125F9E9F002B712D /* cst_sigpr.h */,
				D399F31F125F9E9F002B712D /* cst_socket.h */,
				D399F320125F9E9F002B712D /* cst_ss.h */,
				D399F321125F9E9F002B712D /* cst_string.h */,
				D399F322125F9E9F002B712D /* cst_sts.h */,
				D399F323125F9E9F002B712D /* cst_synth.h */,
				D399F324125F9E9F002B712D /* cst_tokenstream.h */,
				D399F325125F9E9F002B712D /* cst_track.h */,
				D399F326125F9E9F002B712D /* cst_units.h */,
				D399F327125F9E9F002B712D /* cst_utt_utils.h */,
				D399F328125F9E9F002B712D /* cst_utterance.h */,
				D399F329125F9E9F002B712D /* cst_val.h */,
				D399F32A125F9E9F002B712D /* cst_val_const.h */,
				D399F32B125F9E9F002B712D /* cst_val_defs.h */,
				D399F32C125F9E9F002B712D /* cst_vc.h */,
				D399F32D125F9E9F002B712D /* cst_viterbi.h */,
				D399F32E125F9E9F002B712D /* cst_voice.h */,
				D399F32F125F9E9F002B712D /* cst_wave.h */,
				D399F330125F9E9F002B712D /* cst_wchar.h */,
				D399F331125F9E9F002B712D /* flite.h */,
				D399F332125F9E9F002B712D /* flite_version.h */,
			);
			path = flite;
			sourceTree = "<group>";
		};
/* End PBXGroup section */

/* Begin PBXHeadersBuildPhase section */
		D2AAC07A0554694100DB518D /* Headers */ = {
			isa = PBXHeadersBuildPhase;
			buildActionMask = 2147483647;
			files = (
				AA747D9F0F9514B9006C5449 /* VocalKit_Prefix.pch in Headers */,
				864882161189CEFF002AB038 /* VKAQRecorder.h in Headers */,
				864882981189EEA8002AB038 /* VKDecoder.h in Headers */,
				8607F949118A41DB00FE23C0 /* VKController.h in Headers */,
				860702371193942700FE23C0 /* cmdln_macro.h in Headers */,
				860702381193942700FE23C0 /* fsg_set.h in Headers */,
				860702391193942700FE23C0 /* pocketsphinx.h in Headers */,
				8607023A1193942700FE23C0 /* pocketsphinx_export.h in Headers */,
				8607023B1193942700FE23C0 /* ps_lattice.h in Headers */,
				8607023C1193942700FE23C0 /* ps_mllr.h in Headers */,
				8607023D1193942700FE23C0 /* ad.h in Headers */,
				8607023E1193942700FE23C0 /* agc.h in Headers */,
				8607023F1193942700FE23C0 /* bio.h in Headers */,
				860702401193942700FE23C0 /* bitvec.h in Headers */,
				860702411193942700FE23C0 /* byteorder.h in Headers */,
				860702421193942700FE23C0 /* case.h in Headers */,
				860702431193942700FE23C0 /* ckd_alloc.h in Headers */,
				860702441193942700FE23C0 /* clapack_lite.h in Headers */,
				860702451193942700FE23C0 /* cmd_ln.h in Headers */,
				860702461193942700FE23C0 /* cmn.h in Headers */,
				860702471193942700FE23C0 /* cont_ad.h in Headers */,
				860702481193942700FE23C0 /* err.h in Headers */,
				860702491193942700FE23C0 /* f2c.h in Headers */,
				8607024A1193942700FE23C0 /* fe.h in Headers */,
				8607024B1193942700FE23C0 /* feat.h in Headers */,
				8607024C1193942700FE23C0 /* filename.h in Headers */,
				8607024D1193942700FE23C0 /* fixpoint.h in Headers */,
				8607024E1193942700FE23C0 /* fsg_model.h in Headers */,
				8607024F1193942700FE23C0 /* genrand.h in Headers */,
				860702501193942700FE23C0 /* glist.h in Headers */,
				860702511193942700FE23C0 /* hash_table.h in Headers */,
				860702521193942700FE23C0 /* heap.h in Headers */,
				860702531193942700FE23C0 /* huff_code.h in Headers */,
				860702541193942700FE23C0 /* info.h in Headers */,
				860702551193942700FE23C0 /* jsgf.h in Headers */,
				860702561193942700FE23C0 /* libutil.h in Headers */,
				860702571193942700FE23C0 /* listelem_alloc.h in Headers */,
				860702581193942700FE23C0 /* logmath.h in Headers */,
				860702591193942700FE23C0 /* matrix.h in Headers */,
				8607025A1193942700FE23C0 /* mmio.h in Headers */,
				8607025B1193942700FE23C0 /* mulaw.h in Headers */,
				8607025C1193942700FE23C0 /* ngram_model.h in Headers */,
				8607025D1193942700FE23C0 /* pio.h in Headers */,
				8607025E1193942700FE23C0 /* prim_type.h in Headers */,
				8607025F1193942700FE23C0 /* profile.h in Headers */,
				860702601193942700FE23C0 /* sbthread.h in Headers */,
				860702611193942700FE23C0 /* sphinx_config.h in Headers */,
				860702621193942700FE23C0 /* sphinxbase_export.h in Headers */,
				860702631193942700FE23C0 /* strfuncs.h in Headers */,
				860702641193942700FE23C0 /* unlimit.h in Headers */,
				860702651193942700FE23C0 /* yin.h in Headers */,
				860703581193A77100FE23C0 /* VKFliteSpeaker.h in Headers */,
				860703591193A77300FE23C0 /* VKPocketSphinxDecoder.h in Headers */,
				D399F333125F9E9F002B712D /* cst_alloc.h in Headers */,
				D399F334125F9E9F002B712D /* cst_args.h in Headers */,
				D399F335125F9E9F002B712D /* cst_audio.h in Headers */,
				D399F336125F9E9F002B712D /* cst_cart.h in Headers */,
				D399F337125F9E9F002B712D /* cst_cg.h in Headers */,
				D399F338125F9E9F002B712D /* cst_clunits.h in Headers */,
				D399F339125F9E9F002B712D /* cst_diphone.h in Headers */,
				D399F33A125F9E9F002B712D /* cst_endian.h in Headers */,
				D399F33B125F9E9F002B712D /* cst_error.h in Headers */,
				D399F33C125F9E9F002B712D /* cst_features.h in Headers */,
				D399F33D125F9E9F002B712D /* cst_ffeatures.h in Headers */,
				D399F33E125F9E9F002B712D /* cst_file.h in Headers */,
				D399F33F125F9E9F002B712D /* cst_hrg.h in Headers */,
				D399F340125F9E9F002B712D /* cst_item.h in Headers */,
				D399F341125F9E9F002B712D /* cst_lexicon.h in Headers */,
				D399F342125F9E9F002B712D /* cst_lts.h in Headers */,
				D399F343125F9E9F002B712D /* cst_lts_rewrites.h in Headers */,
				D399F344125F9E9F002B712D /* cst_math.h in Headers */,
				D399F345125F9E9F002B712D /* cst_mlpg.h in Headers */,
				D399F346125F9E9F002B712D /* cst_mlsa.h in Headers */,
				D399F347125F9E9F002B712D /* cst_phoneset.h in Headers */,
				D399F348125F9E9F002B712D /* cst_regex.h in Headers */,
				D399F349125F9E9F002B712D /* cst_regex_defs.h in Headers */,
				D399F34A125F9E9F002B712D /* cst_relation.h in Headers */,
				D399F34B125F9E9F002B712D /* cst_sigpr.h in Headers */,
				D399F34C125F9E9F002B712D /* cst_socket.h in Headers */,
				D399F34D125F9E9F002B712D /* cst_ss.h in Headers */,
				D399F34E125F9E9F002B712D /* cst_string.h in Headers */,
				D399F34F125F9E9F002B712D /* cst_sts.h in Headers */,
				D399F350125F9E9F002B712D /* cst_synth.h in Headers */,
				D399F351125F9E9F002B712D /* cst_tokenstream.h in Headers */,
				D399F352125F9E9F002B712D /* cst_track.h in Headers */,
				D399F353125F9E9F002B712D /* cst_units.h in Headers */,
				D399F354125F9E9F002B712D /* cst_utt_utils.h in Headers */,
				D399F355125F9E9F002B712D /* cst_utterance.h in Headers */,
				D399F356125F9E9F002B712D /* cst_val.h in Headers */,
				D399F357125F9E9F002B712D /* cst_val_const.h in Headers */,
				D399F358125F9E9F002B712D /* cst_val_defs.h in Headers */,
				D399F359125F9E9F002B712D /* cst_vc.h in Headers */,
				D399F35A125F9E9F002B712D /* cst_viterbi.h in Headers */,
				D399F35B125F9E9F002B712D /* cst_voice.h in Headers */,
				D399F35C125F9E9F002B712D /* cst_wave.h in Headers */,
				D399F35D125F9E9F002B712D /* cst_wchar.h in Headers */,
				D399F35E125F9E9F002B712D /* flite.h in Headers */,
				D399F35F125F9E9F002B712D /* flite_version.h in Headers */,
			);
			runOnlyForDeploymentPostprocessing = 0;
		};
/* End PBXHeadersBuildPhase section */

/* Begin PBXNativeTarget section */
		D2AAC07D0554694100DB518D /* VocalKit */ = {
			isa = PBXNativeTarget;
			buildConfigurationList = 1DEB921E08733DC00010E9CD /* Build configuration list for PBXNativeTarget "VocalKit" */;
			buildPhases = (
				D2AAC07A0554694100DB518D /* Headers */,
				D2AAC07B0554694100DB518D /* Sources */,
				D2AAC07C0554694100DB518D /* Frameworks */,
			);
			buildRules = (
			);
			dependencies = (
			);
			name = VocalKit;
			productName = VocalKit;
			productReference = D2AAC07E0554694100DB518D /* libVocalKit.a */;
			productType = "com.apple.product-type.library.static";
		};
/* End PBXNativeTarget section */

/* Begin PBXProject section */
		0867D690FE84028FC02AAC07 /* Project object */ = {
			isa = PBXProject;
			buildConfigurationList = 1DEB922208733DC00010E9CD /* Build configuration list for PBXProject "VocalKit" */;
			compatibilityVersion = "Xcode 3.1";
			developmentRegion = English;
			hasScannedForEncodings = 1;
			knownRegions = (
				English,
				Japanese,
				French,
				German,
			);
			mainGroup = 0867D691FE84028FC02AAC07 /* VocalKit */;
			productRefGroup = 034768DFFF38A50411DB9C8B /* Products */;
			projectDirPath = "";
			projectRoot = "";
			targets = (
				D2AAC07D0554694100DB518D /* VocalKit */,
			);
		};
/* End PBXProject section */

/* Begin PBXSourcesBuildPhase section */
		D2AAC07B0554694100DB518D /* Sources */ = {
			isa = PBXSourcesBuildPhase;
			buildActionMask = 2147483647;
			files = (
				864882131189CA1D002AB038 /* VKPocketSphinxDecoder.m in Sources */,
				864882171189CEFF002AB038 /* VKAQRecorder.m in Sources */,
				8607F94A118A41DB00FE23C0 /* VKController.m in Sources */,
				8607035A1193A77300FE23C0 /* VKFliteSpeaker.m in Sources */,
			);
			runOnlyForDeploymentPostprocessing = 0;
		};
/* End PBXSourcesBuildPhase section */

/* Begin XCBuildConfiguration section */
		1DEB921F08733DC00010E9CD /* Debug */ = {
			isa = XCBuildConfiguration;
			buildSettings = {
				ALWAYS_SEARCH_USER_PATHS = NO;
				ARCHS = armv6;
				COPY_PHASE_STRIP = NO;
				DSTROOT = /tmp/VocalKit.dst;
				GCC_DYNAMIC_NO_PIC = NO;
				GCC_ENABLE_FIX_AND_CONTINUE = YES;
				GCC_MODEL_TUNING = G5;
				GCC_OPTIMIZATION_LEVEL = 0;
				GCC_PRECOMPILE_PREFIX_HEADER = YES;
				GCC_PREFIX_HEADER = VocalKit_Prefix.pch;
				GCC_VERSION = 4.2;
				INSTALL_PATH = /usr/local/lib;
				LIBRARY_SEARCH_PATHS = (
					"$(inherited)",
					"\"$(SRCROOT)/libs\"",
				);
				PRIVATE_HEADERS_FOLDER_PATH = include;
				PRODUCT_NAME = VocalKit;
				PUBLIC_HEADERS_FOLDER_PATH = include;
			};
			name = Debug;
		};
		1DEB922008733DC00010E9CD /* Release */ = {
			isa = XCBuildConfiguration;
			buildSettings = {
				ALWAYS_SEARCH_USER_PATHS = NO;
				ARCHS = "$(ARCHS_STANDARD_32_BIT)";
				DSTROOT = /tmp/VocalKit.dst;
				GCC_MODEL_TUNING = G5;
				GCC_PRECOMPILE_PREFIX_HEADER = YES;
				GCC_PREFIX_HEADER = VocalKit_Prefix.pch;
				INSTALL_PATH = /usr/local/lib;
				LIBRARY_SEARCH_PATHS = (
					"$(inherited)",
					"\"$(SRCROOT)/libs\"",
				);
				PRODUCT_NAME = VocalKit;
			};
			name = Release;
		};
		1DEB922308733DC00010E9CD /* Debug */ = {
			isa = XCBuildConfiguration;
			buildSettings = {
				ARCHS = armv6;
				DEAD_CODE_STRIPPING = NO;
				GCC_C_LANGUAGE_STANDARD = c99;
				GCC_OPTIMIZATION_LEVEL = 0;
				GCC_THUMB_SUPPORT = NO;
				GCC_VERSION = 4.2;
				GCC_WARN_ABOUT_RETURN_TYPE = YES;
				GCC_WARN_UNUSED_VARIABLE = YES;
				HEADER_SEARCH_PATHS = "";
				LIBRARY_SEARCH_PATHS = "";
				OTHER_LDFLAGS = "-ObjC";
				PREBINDING = NO;
				SDKROOT = iphoneos3.2;
			};
			name = Debug;
		};
		1DEB922408733DC00010E9CD /* Release */ = {
			isa = XCBuildConfiguration;
			buildSettings = {
				ARCHS = "$(ARCHS_STANDARD_32_BIT)";
				GCC_C_LANGUAGE_STANDARD = c99;
				GCC_WARN_ABOUT_RETURN_TYPE = YES;
				GCC_WARN_UNUSED_VARIABLE = YES;
				OTHER_LDFLAGS = "-ObjC";
				PREBINDING = NO;
				SDKROOT = iphoneos3.2;
			};
			name = Release;
		};
/* End XCBuildConfiguration section */

/* Begin XCConfigurationList section */
		1DEB921E08733DC00010E9CD /* Build configuration list for PBXNativeTarget "VocalKit" */ = {
			isa = XCConfigurationList;
			buildConfigurations = (
				1DEB921F08733DC00010E9CD /* Debug */,
				1DEB922008733DC00010E9CD /* Release */,
			);
			defaultConfigurationIsVisible = 0;
			defaultConfigurationName = Release;
		};
		1DEB922208733DC00010E9CD /* Build configuration list for PBXProject "VocalKit" */ = {
			isa = XCConfigurationList;
			buildConfigurations = (
				1DEB922308733DC00010E9CD /* Debug */,
				1DEB922408733DC00010E9CD /* Release */,
			);
			defaultConfigurationIsVisible = 0;
			defaultConfigurationName = Release;
		};
/* End XCConfigurationList section */
	};
	rootObject = 0867D690FE84028FC02AAC07 /* Project object */;
}
